schema: '2.0'
stages:
  prepare:
    cmd: python3 scr/prepare.py
    deps:
    - path: scr/prepare.py
      hash: md5
      md5: f31f04e59094b22c74bbed3f71dfdc0e
      size: 1060
    params:
      params.yaml:
        prepare.categories:
        - comp.graphics
        - sci.space
    outs:
    - path: data/prepared
      hash: md5
      md5: 6b83a75bf78f9dc2c8830e4ae2732c77.dir
      size: 3720018
      nfiles: 2
  featurize:
    cmd: python3 scr/featurize.py data/prepared data/features
    deps:
    - path: data/prepared
      hash: md5
      md5: 6b83a75bf78f9dc2c8830e4ae2732c77.dir
      size: 3720018
      nfiles: 2
    - path: scr/featurize.py
      hash: md5
      md5: 62818d125e0d06e9c92c095c3c04c96d
      size: 1688
    outs:
    - path: data/features
      hash: md5
      md5: 48f78a2d3f2ba037da684f6454901ca1.dir
      size: 481545670
      nfiles: 2
  train:
    cmd: python3 scr/train.py data/features model.pkl
    deps:
    - path: data/features
      hash: md5
      md5: 48f78a2d3f2ba037da684f6454901ca1.dir
      size: 481545670
      nfiles: 2
    - path: scr/train.py
      hash: md5
      md5: 2221d18315cfb0ff074739e78a57d4cc
      size: 830
    params:
      params.yaml:
        train.alpha: 0.7
    outs:
    - path: model.pkl
      hash: md5
      md5: 1d4e0f5430b378cc2fdf3cc56d6a0ec8
      size: 982958
  evaluate:
    cmd: python3 evaluate/evaluate.py model.pkl data/features score/scores.json score/plots.json
    deps:
    - path: data/features
      hash: md5
      md5: 48f78a2d3f2ba037da684f6454901ca1.dir
      size: 481545670
      nfiles: 2
    - path: evaluate/evaluate.py
      hash: md5
      md5: 11d9dabde94952ff57dd205ba12b440c
      size: 1352
    - path: model.pkl
      hash: md5
      md5: 1d4e0f5430b378cc2fdf3cc56d6a0ec8
      size: 982958
    outs:
    - path: score/plots.json
      hash: md5
      md5: e2b096bb59f3e37e2e90edbeb303211c
      size: 70231
    - path: score/scores.json
      hash: md5
      md5: cdcca4a417bb0fd000eb6fcf65df1f23
      size: 27
